
Microsoft Visual Studio Solution File, Format Version 12.00
# Visual Studio Version 17
VisualStudioVersion = 17.6.33829.357
MinimumVisualStudioVersion = 10.0.40219.1
Project("{FAE04EC0-301F-11D3-BF4B-00C04F79EFBC}") = "MiniHesaplamaUygulamasi", "MiniHesaplamaUygulamasi.csproj", "{2EA2B11F-D343-4067-8336-5947673E10C9}"
EndProject
Global
	GlobalSection(SolutionConfigurationPlatforms) = preSolution
		Debug|Any CPU = Debug|Any CPU
		Release|Any CPU = Release|Any CPU
	EndGlobalSection
	GlobalSection(ProjectConfigurationPlatforms) = postSolution
		{2EA2B11F-D343-4067-8336-5947673E10C9}.Debug|Any CPU.ActiveCfg = Debug|Any CPU
		{2EA2B11F-D343-4067-8336-5947673E10C9}.Debug|Any CPU.Build.0 = Debug|Any CPU
		{2EA2B11F-D343-4067-8336-5947673E10C9}.Release|Any CPU.ActiveCfg = Release|Any CPU
		{2EA2B11F-D343-4067-8336-5947673E10C9}.Release|Any CPU.Build.0 = Release|Any CPU
	EndGlobalSection
	GlobalSection(SolutionProperties) = preSolution
		HideSolutionNode = FALSE
	EndGlobalSection
	GlobalSection(ExtensibilityGlobals) = postSolution
		SolutionGuid = {03F3F5C2-4815-4160-8DDE-24CAB7610F92}
	EndGlobalSection
EndGlobal
